[[package]]
name = "cowsay"
version = "4.0"
description = "The famous cowsay for GNU/Linux is now available for python"
category = "dev"
optional = false
python-versions = "*"

[metadata]
lock-version = "1.1"
python-versions = "^3.7"
content-hash = "2d0a2b1a347aadbadc1ac311b3a6fb22222d61d1bc110deaf3b3321a0bd15413"

[metadata.files]
cowsay = [
    {file = "cowsay-4.0-py2.py3-none-any.whl", hash = "sha256:2594b11d6624fff4bf5147b6bdd510ada54a7b5b4e3f2b15ac2a6d3cf99e0bf8"},
    {file = "cowsay-4.0.tar.gz", hash = "sha256:a9e1e5f957054010b7faa6406deb5f6aa5cb674498118bbbed0151f92c2dc20e"},
]
